
Microsoft Visual Studio Solution File, Format Version 12.00
# Visual Studio Version 17
VisualStudioVersion = 17.7.34221.43
MinimumVisualStudioVersion = 10.0.40219.1
Project("{FAE04EC0-301F-11D3-BF4B-00C04F79EFBC}") = "Experiment5", "Experiment5.csproj", "{4218B677-FF71-4A8A-9BD9-47B6A9684F48}"
EndProject
Global
	GlobalSection(SolutionConfigurationPlatforms) = preSolution
		Debug|Any CPU = Debug|Any CPU
		Release|Any CPU = Release|Any CPU
	EndGlobalSection
	GlobalSection(ProjectConfigurationPlatforms) = postSolution
		{4218B677-FF71-4A8A-9BD9-47B6A9684F48}.Debug|Any CPU.ActiveCfg = Debug|Any CPU
		{4218B677-FF71-4A8A-9BD9-47B6A9684F48}.Debug|Any CPU.Build.0 = Debug|Any CPU
		{4218B677-FF71-4A8A-9BD9-47B6A9684F48}.Release|Any CPU.ActiveCfg = Release|Any CPU
		{4218B677-FF71-4A8A-9BD9-47B6A9684F48}.Release|Any CPU.Build.0 = Release|Any CPU
	EndGlobalSection
	GlobalSection(SolutionProperties) = preSolution
		HideSolutionNode = FALSE
	EndGlobalSection
	GlobalSection(ExtensibilityGlobals) = postSolution
		SolutionGuid = {880127BF-3C31-4A5B-B510-5D0280DCFED8}
	EndGlobalSection
EndGlobal
