
Microsoft Visual Studio Solution File, Format Version 12.00
# Visual Studio Version 17
VisualStudioVersion = 17.7.34221.43
MinimumVisualStudioVersion = 10.0.40219.1
Project("{FAE04EC0-301F-11D3-BF4B-00C04F79EFBC}") = "E-commerce Platform Search Function", "E-commerce Platform Search Function.csproj", "{15E390BB-0102-46E4-B805-A3D98125EA64}"
EndProject
Global
	GlobalSection(SolutionConfigurationPlatforms) = preSolution
		Debug|Any CPU = Debug|Any CPU
		Release|Any CPU = Release|Any CPU
	EndGlobalSection
	GlobalSection(ProjectConfigurationPlatforms) = postSolution
		{15E390BB-0102-46E4-B805-A3D98125EA64}.Debug|Any CPU.ActiveCfg = Debug|Any CPU
		{15E390BB-0102-46E4-B805-A3D98125EA64}.Debug|Any CPU.Build.0 = Debug|Any CPU
		{15E390BB-0102-46E4-B805-A3D98125EA64}.Release|Any CPU.ActiveCfg = Release|Any CPU
		{15E390BB-0102-46E4-B805-A3D98125EA64}.Release|Any CPU.Build.0 = Release|Any CPU
	EndGlobalSection
	GlobalSection(SolutionProperties) = preSolution
		HideSolutionNode = FALSE
	EndGlobalSection
	GlobalSection(ExtensibilityGlobals) = postSolution
		SolutionGuid = {60992B25-54B7-4137-995C-299F70958023}
	EndGlobalSection
EndGlobal
